
Microsoft Visual Studio Solution File, Format Version 12.00
# Visual Studio Version 17
VisualStudioVersion = 17.11.35327.3
MinimumVisualStudioVersion = 10.0.40219.1
Project("{FAE04EC0-301F-11D3-BF4B-00C04F79EFBC}") = "Huffman", "Huffman\Huffman.csproj", "{71A32D94-A58B-4133-B02F-9FDF779EA771}"
EndProject
Global
	GlobalSection(SolutionConfigurationPlatforms) = preSolution
		Debug|Any CPU = Debug|Any CPU
		Release|Any CPU = Release|Any CPU
	EndGlobalSection
	GlobalSection(ProjectConfigurationPlatforms) = postSolution
		{71A32D94-A58B-4133-B02F-9FDF779EA771}.Debug|Any CPU.ActiveCfg = Debug|Any CPU
		{71A32D94-A58B-4133-B02F-9FDF779EA771}.Debug|Any CPU.Build.0 = Debug|Any CPU
		{71A32D94-A58B-4133-B02F-9FDF779EA771}.Release|Any CPU.ActiveCfg = Release|Any CPU
		{71A32D94-A58B-4133-B02F-9FDF779EA771}.Release|Any CPU.Build.0 = Release|Any CPU
	EndGlobalSection
	GlobalSection(SolutionProperties) = preSolution
		HideSolutionNode = FALSE
	EndGlobalSection
	GlobalSection(ExtensibilityGlobals) = postSolution
		SolutionGuid = {C32AECC0-E892-45BB-A9E8-34CFA56CE36A}
	EndGlobalSection
EndGlobal
