
Microsoft Visual Studio Solution File, Format Version 12.00
# Visual Studio Version 17
VisualStudioVersion = 17.11.35327.3
MinimumVisualStudioVersion = 10.0.40219.1
Project("{FAE04EC0-301F-11D3-BF4B-00C04F79EFBC}") = "NWP", "NWP\NWP.csproj", "{27DDDAA8-C867-4045-B053-9926EDC42EBC}"
EndProject
Global
	GlobalSection(SolutionConfigurationPlatforms) = preSolution
		Debug|Any CPU = Debug|Any CPU
		Release|Any CPU = Release|Any CPU
	EndGlobalSection
	GlobalSection(ProjectConfigurationPlatforms) = postSolution
		{27DDDAA8-C867-4045-B053-9926EDC42EBC}.Debug|Any CPU.ActiveCfg = Debug|Any CPU
		{27DDDAA8-C867-4045-B053-9926EDC42EBC}.Debug|Any CPU.Build.0 = Debug|Any CPU
		{27DDDAA8-C867-4045-B053-9926EDC42EBC}.Release|Any CPU.ActiveCfg = Release|Any CPU
		{27DDDAA8-C867-4045-B053-9926EDC42EBC}.Release|Any CPU.Build.0 = Release|Any CPU
	EndGlobalSection
	GlobalSection(SolutionProperties) = preSolution
		HideSolutionNode = FALSE
	EndGlobalSection
	GlobalSection(ExtensibilityGlobals) = postSolution
		SolutionGuid = {756D5398-445D-4326-90D0-0167BC4B4903}
	EndGlobalSection
EndGlobal
